
Microsoft Visual Studio Solution File, Format Version 12.00
# Visual Studio Version 17
VisualStudioVersion = 17.9.34723.18
MinimumVisualStudioVersion = 10.0.40219.1
Project("{FAE04EC0-301F-11D3-BF4B-00C04F79EFBC}") = "NELpizza", "NELpizza\NELpizza.csproj", "{CA980E21-1F6F-4372-BC91-5662547861CF}"
EndProject
Global
	GlobalSection(SolutionConfigurationPlatforms) = preSolution
		Debug|Any CPU = Debug|Any CPU
		Release|Any CPU = Release|Any CPU
	EndGlobalSection
	GlobalSection(ProjectConfigurationPlatforms) = postSolution
		{CA980E21-1F6F-4372-BC91-5662547861CF}.Debug|Any CPU.ActiveCfg = Debug|Any CPU
		{CA980E21-1F6F-4372-BC91-5662547861CF}.Debug|Any CPU.Build.0 = Debug|Any CPU
		{CA980E21-1F6F-4372-BC91-5662547861CF}.Release|Any CPU.ActiveCfg = Release|Any CPU
		{CA980E21-1F6F-4372-BC91-5662547861CF}.Release|Any CPU.Build.0 = Release|Any CPU
	EndGlobalSection
	GlobalSection(SolutionProperties) = preSolution
		HideSolutionNode = FALSE
	EndGlobalSection
	GlobalSection(ExtensibilityGlobals) = postSolution
		SolutionGuid = {B93DC984-75E1-40B6-8B54-6FEE379BCCCD}
	EndGlobalSection
EndGlobal
